
Microsoft Visual Studio Solution File, Format Version 12.00
# Visual Studio 14
VisualStudioVersion = 14.0.25420.1
MinimumVisualStudioVersion = 10.0.40219.1
Project("{FAE04EC0-301F-11D3-BF4B-00C04F79EFBC}") = "EasySweeper 3", "EasySweeper 3\EasySweeper 3.csproj", "{75D4D5E2-A391-48E2-B8C6-F85A72E269A2}"
EndProject
Project("{FAE04EC0-301F-11D3-BF4B-00C04F79EFBC}") = "EasyWinterface", "EasyWinterface\EasyWinterface.csproj", "{F640F263-3BA5-4BDA-A202-C37E08E4BCFB}"
EndProject
Project("{FAE04EC0-301F-11D3-BF4B-00C04F79EFBC}") = "EasyMap", "EasyMap\EasyMap.csproj", "{03C9D86F-2749-446F-A98B-5CBEA3ABC5C8}"
EndProject
Project("{FAE04EC0-301F-11D3-BF4B-00C04F79EFBC}") = "EasyWeb", "EasyWeb\EasyWeb.csproj", "{15ACB2DB-19B9-460E-9A12-8708F8355BFB}"
EndProject
Project("{FAE04EC0-301F-11D3-BF4B-00C04F79EFBC}") = "EasyAPI", "EasyAPI\EasyAPI.csproj", "{0B154C92-2C1A-4E4C-8F8E-DB61FEC5EB10}"
EndProject
Global
	GlobalSection(SolutionConfigurationPlatforms) = preSolution
		Debug|Any CPU = Debug|Any CPU
		LibTest|Any CPU = LibTest|Any CPU
		Release|Any CPU = Release|Any CPU
		Test|Any CPU = Test|Any CPU
	EndGlobalSection
	GlobalSection(ProjectConfigurationPlatforms) = postSolution
		{75D4D5E2-A391-48E2-B8C6-F85A72E269A2}.Debug|Any CPU.ActiveCfg = Debug|Any CPU
		{75D4D5E2-A391-48E2-B8C6-F85A72E269A2}.Debug|Any CPU.Build.0 = Debug|Any CPU
		{75D4D5E2-A391-48E2-B8C6-F85A72E269A2}.LibTest|Any CPU.ActiveCfg = LibTest|Any CPU
		{75D4D5E2-A391-48E2-B8C6-F85A72E269A2}.LibTest|Any CPU.Build.0 = LibTest|Any CPU
		{75D4D5E2-A391-48E2-B8C6-F85A72E269A2}.Release|Any CPU.ActiveCfg = Release|Any CPU
		{75D4D5E2-A391-48E2-B8C6-F85A72E269A2}.Release|Any CPU.Build.0 = Release|Any CPU
		{75D4D5E2-A391-48E2-B8C6-F85A72E269A2}.Test|Any CPU.ActiveCfg = LibTest|Any CPU
		{75D4D5E2-A391-48E2-B8C6-F85A72E269A2}.Test|Any CPU.Build.0 = LibTest|Any CPU
		{F640F263-3BA5-4BDA-A202-C37E08E4BCFB}.Debug|Any CPU.ActiveCfg = Debug|Any CPU
		{F640F263-3BA5-4BDA-A202-C37E08E4BCFB}.Debug|Any CPU.Build.0 = Debug|Any CPU
		{F640F263-3BA5-4BDA-A202-C37E08E4BCFB}.LibTest|Any CPU.ActiveCfg = Test|Any CPU
		{F640F263-3BA5-4BDA-A202-C37E08E4BCFB}.LibTest|Any CPU.Build.0 = Test|Any CPU
		{F640F263-3BA5-4BDA-A202-C37E08E4BCFB}.Release|Any CPU.ActiveCfg = Release|Any CPU
		{F640F263-3BA5-4BDA-A202-C37E08E4BCFB}.Release|Any CPU.Build.0 = Release|Any CPU
		{F640F263-3BA5-4BDA-A202-C37E08E4BCFB}.Test|Any CPU.ActiveCfg = Test|Any CPU
		{F640F263-3BA5-4BDA-A202-C37E08E4BCFB}.Test|Any CPU.Build.0 = Test|Any CPU
		{03C9D86F-2749-446F-A98B-5CBEA3ABC5C8}.Debug|Any CPU.ActiveCfg = Debug|Any CPU
		{03C9D86F-2749-446F-A98B-5CBEA3ABC5C8}.Debug|Any CPU.Build.0 = Debug|Any CPU
		{03C9D86F-2749-446F-A98B-5CBEA3ABC5C8}.LibTest|Any CPU.ActiveCfg = Release|Any CPU
		{03C9D86F-2749-446F-A98B-5CBEA3ABC5C8}.LibTest|Any CPU.Build.0 = Release|Any CPU
		{03C9D86F-2749-446F-A98B-5CBEA3ABC5C8}.Release|Any CPU.ActiveCfg = Release|Any CPU
		{03C9D86F-2749-446F-A98B-5CBEA3ABC5C8}.Release|Any CPU.Build.0 = Release|Any CPU
		{03C9D86F-2749-446F-A98B-5CBEA3ABC5C8}.Test|Any CPU.ActiveCfg = Release|Any CPU
		{03C9D86F-2749-446F-A98B-5CBEA3ABC5C8}.Test|Any CPU.Build.0 = Release|Any CPU
		{15ACB2DB-19B9-460E-9A12-8708F8355BFB}.Debug|Any CPU.ActiveCfg = Debug|Any CPU
		{15ACB2DB-19B9-460E-9A12-8708F8355BFB}.Debug|Any CPU.Build.0 = Debug|Any CPU
		{15ACB2DB-19B9-460E-9A12-8708F8355BFB}.LibTest|Any CPU.ActiveCfg = Release|Any CPU
		{15ACB2DB-19B9-460E-9A12-8708F8355BFB}.LibTest|Any CPU.Build.0 = Release|Any CPU
		{15ACB2DB-19B9-460E-9A12-8708F8355BFB}.Release|Any CPU.ActiveCfg = Release|Any CPU
		{15ACB2DB-19B9-460E-9A12-8708F8355BFB}.Release|Any CPU.Build.0 = Release|Any CPU
		{15ACB2DB-19B9-460E-9A12-8708F8355BFB}.Test|Any CPU.ActiveCfg = Release|Any CPU
		{15ACB2DB-19B9-460E-9A12-8708F8355BFB}.Test|Any CPU.Build.0 = Release|Any CPU
		{0B154C92-2C1A-4E4C-8F8E-DB61FEC5EB10}.Debug|Any CPU.ActiveCfg = Debug|Any CPU
		{0B154C92-2C1A-4E4C-8F8E-DB61FEC5EB10}.Debug|Any CPU.Build.0 = Debug|Any CPU
		{0B154C92-2C1A-4E4C-8F8E-DB61FEC5EB10}.LibTest|Any CPU.ActiveCfg = Release|Any CPU
		{0B154C92-2C1A-4E4C-8F8E-DB61FEC5EB10}.LibTest|Any CPU.Build.0 = Release|Any CPU
		{0B154C92-2C1A-4E4C-8F8E-DB61FEC5EB10}.Release|Any CPU.ActiveCfg = Release|Any CPU
		{0B154C92-2C1A-4E4C-8F8E-DB61FEC5EB10}.Release|Any CPU.Build.0 = Release|Any CPU
		{0B154C92-2C1A-4E4C-8F8E-DB61FEC5EB10}.Test|Any CPU.ActiveCfg = Release|Any CPU
		{0B154C92-2C1A-4E4C-8F8E-DB61FEC5EB10}.Test|Any CPU.Build.0 = Release|Any CPU
	EndGlobalSection
	GlobalSection(SolutionProperties) = preSolution
		HideSolutionNode = FALSE
	EndGlobalSection
EndGlobal
